// !$*UTF8*$!
{
	archiveVersion = 1;
	classes = {
	};
	objectVersion = 50;
	objects = {

/* Begin PBXBuildFile section */
		11E8ABC3256EDE5A007CCB52 /* AddGlassViewController.swift in Sources */ = {isa = PBXBuildFile; fileRef = 11E8ABC2256EDE5A007CCB52 /* AddGlassViewController.swift */; };
		155A873D2577094B00D16BA5 /* InicioViewController.swift in Sources */ = {isa = PBXBuildFile; fileRef = 155A873C2577094B00D16BA5 /* InicioViewController.swift */; };
		155A873F25770C7300D16BA5 /* CasosTableViewController.swift in Sources */ = {isa = PBXBuildFile; fileRef = 155A873E25770C7300D16BA5 /* CasosTableViewController.swift */; };
		155A874125770D2700D16BA5 /* CristalesTableViewController.swift in Sources */ = {isa = PBXBuildFile; fileRef = 155A874025770D2700D16BA5 /* CristalesTableViewController.swift */; };
		155A874325770FAD00D16BA5 /* RegistroViewController.swift in Sources */ = {isa = PBXBuildFile; fileRef = 155A874225770FAD00D16BA5 /* RegistroViewController.swift */; };
		159D54682577142400F8C193 /* CasoTableViewCell.swift in Sources */ = {isa = PBXBuildFile; fileRef = 159D54672577142400F8C193 /* CasoTableViewCell.swift */; };
		159D546A2577155800F8C193 /* CristalTableViewCell.swift in Sources */ = {isa = PBXBuildFile; fileRef = 159D54692577155800F8C193 /* CristalTableViewCell.swift */; };
		159D546C2577192900F8C193 /* TipoCristalPickerView.swift in Sources */ = {isa = PBXBuildFile; fileRef = 159D546B2577192900F8C193 /* TipoCristalPickerView.swift */; };
		159D547025A627DF00F8C193 /* NumberPickerView.swift in Sources */ = {isa = PBXBuildFile; fileRef = 159D546F25A627DE00F8C193 /* NumberPickerView.swift */; };
		8BFCE18C255C74B400FF2798 /* AppDelegate.swift in Sources */ = {isa = PBXBuildFile; fileRef = 8BFCE18B255C74B400FF2798 /* AppDelegate.swift */; };
		8BFCE18E255C74B400FF2798 /* ViewController.swift in Sources */ = {isa = PBXBuildFile; fileRef = 8BFCE18D255C74B400FF2798 /* ViewController.swift */; };
		8BFCE191255C74B400FF2798 /* Main.storyboard in Resources */ = {isa = PBXBuildFile; fileRef = 8BFCE18F255C74B400FF2798 /* Main.storyboard */; };
		8BFCE193255C74B500FF2798 /* Assets.xcassets in Resources */ = {isa = PBXBuildFile; fileRef = 8BFCE192255C74B500FF2798 /* Assets.xcassets */; };
		8BFCE196255C74B500FF2798 /* LaunchScreen.storyboard in Resources */ = {isa = PBXBuildFile; fileRef = 8BFCE194255C74B500FF2798 /* LaunchScreen.storyboard */; };
		8BFCE1A1255C74B500FF2798 /* Proyecto_LSPTests.swift in Sources */ = {isa = PBXBuildFile; fileRef = 8BFCE1A0255C74B500FF2798 /* Proyecto_LSPTests.swift */; };
		8BFCE1AC255C74B500FF2798 /* Proyecto_LSPUITests.swift in Sources */ = {isa = PBXBuildFile; fileRef = 8BFCE1AB255C74B500FF2798 /* Proyecto_LSPUITests.swift */; };
/* End PBXBuildFile section */

/* Begin PBXContainerItemProxy section */
		8BFCE19D255C74B500FF2798 /* PBXContainerItemProxy */ = {
			isa = PBXContainerItemProxy;
			containerPortal = 8BFCE180255C74B400FF2798 /* Project object */;
			proxyType = 1;
			remoteGlobalIDString = 8BFCE187255C74B400FF2798;
			remoteInfo = "Proyecto LSP";
		};
		8BFCE1A8255C74B500FF2798 /* PBXContainerItemProxy */ = {
			isa = PBXContainerItemProxy;
			containerPortal = 8BFCE180255C74B400FF2798 /* Project object */;
			proxyType = 1;
			remoteGlobalIDString = 8BFCE187255C74B400FF2798;
			remoteInfo = "Proyecto LSP";
		};
/* End PBXContainerItemProxy section */

/* Begin PBXFileReference section */
		11E8ABC2256EDE5A007CCB52 /* AddGlassViewController.swift */ = {isa = PBXFileReference; lastKnownFileType = sourcecode.swift; path = AddGlassViewController.swift; sourceTree = "<group>"; };
		155A873C2577094B00D16BA5 /* InicioViewController.swift */ = {isa = PBXFileReference; lastKnownFileType = sourcecode.swift; path = InicioViewController.swift; sourceTree = "<group>"; };
		155A873E25770C7300D16BA5 /* CasosTableViewController.swift */ = {isa = PBXFileReference; lastKnownFileType = sourcecode.swift; path = CasosTableViewController.swift; sourceTree = "<group>"; };
		155A874025770D2700D16BA5 /* CristalesTableViewController.swift */ = {isa = PBXFileReference; lastKnownFileType = sourcecode.swift; path = CristalesTableViewController.swift; sourceTree = "<group>"; };
		155A874225770FAD00D16BA5 /* RegistroViewController.swift */ = {isa = PBXFileReference; lastKnownFileType = sourcecode.swift; path = RegistroViewController.swift; sourceTree = "<group>"; };
		159D54672577142400F8C193 /* CasoTableViewCell.swift */ = {isa = PBXFileReference; lastKnownFileType = sourcecode.swift; path = CasoTableViewCell.swift; sourceTree = "<group>"; };
		159D54692577155800F8C193 /* CristalTableViewCell.swift */ = {isa = PBXFileReference; lastKnownFileType = sourcecode.swift; path = CristalTableViewCell.swift; sourceTree = "<group>"; };
		159D546B2577192900F8C193 /* TipoCristalPickerView.swift */ = {isa = PBXFileReference; lastKnownFileType = sourcecode.swift; path = TipoCristalPickerView.swift; sourceTree = "<group>"; };
		159D546F25A627DE00F8C193 /* NumberPickerView.swift */ = {isa = PBXFileReference; lastKnownFileType = sourcecode.swift; path = NumberPickerView.swift; sourceTree = "<group>"; };
		8BFCE188255C74B400FF2798 /* Proyecto LSP.app */ = {isa = PBXFileReference; explicitFileType = wrapper.application; includeInIndex = 0; path = "Proyecto LSP.app"; sourceTree = BUILT_PRODUCTS_DIR; };
		8BFCE18B255C74B400FF2798 /* AppDelegate.swift */ = {isa = PBXFileReference; lastKnownFileType = sourcecode.swift; path = AppDelegate.swift; sourceTree = "<group>"; };
		8BFCE18D255C74B400FF2798 /* ViewController.swift */ = {isa = PBXFileReference; lastKnownFileType = sourcecode.swift; path = ViewController.swift; sourceTree = "<group>"; };
		8BFCE190255C74B400FF2798 /* Base */ = {isa = PBXFileReference; lastKnownFileType = file.storyboard; name = Base; path = Base.lproj/Main.storyboard; sourceTree = "<group>"; };
		8BFCE192255C74B500FF2798 /* Assets.xcassets */ = {isa = PBXFileReference; lastKnownFileType = folder.assetcatalog; path = Assets.xcassets; sourceTree = "<group>"; };
		8BFCE195255C74B500FF2798 /* Base */ = {isa = PBXFileReference; lastKnownFileType = file.storyboard; name = Base; path = Base.lproj/LaunchScreen.storyboard; sourceTree = "<group>"; };
		8BFCE197255C74B500FF2798 /* Info.plist */ = {isa = PBXFileReference; lastKnownFileType = text.plist.xml; path = Info.plist; sourceTree = "<group>"; };
		8BFCE19C255C74B500FF2798 /* Proyecto LSPTests.xctest */ = {isa = PBXFileReference; explicitFileType = wrapper.cfbundle; includeInIndex = 0; path = "Proyecto LSPTests.xctest"; sourceTree = BUILT_PRODUCTS_DIR; };
		8BFCE1A0255C74B500FF2798 /* Proyecto_LSPTests.swift */ = {isa = PBXFileReference; lastKnownFileType = sourcecode.swift; path = Proyecto_LSPTests.swift; sourceTree = "<group>"; };
		8BFCE1A2255C74B500FF2798 /* Info.plist */ = {isa = PBXFileReference; lastKnownFileType = text.plist.xml; path = Info.plist; sourceTree = "<group>"; };
		8BFCE1A7255C74B500FF2798 /* Proyecto LSPUITests.xctest */ = {isa = PBXFileReference; explicitFileType = wrapper.cfbundle; includeInIndex = 0; path = "Proyecto LSPUITests.xctest"; sourceTree = BUILT_PRODUCTS_DIR; };
		8BFCE1AB255C74B500FF2798 /* Proyecto_LSPUITests.swift */ = {isa = PBXFileReference; lastKnownFileType = sourcecode.swift; path = Proyecto_LSPUITests.swift; sourceTree = "<group>"; };
		8BFCE1AD255C74B500FF2798 /* Info.plist */ = {isa = PBXFileReference; lastKnownFileType = text.plist.xml; path = Info.plist; sourceTree = "<group>"; };
/* End PBXFileReference section */

/* Begin PBXFrameworksBuildPhase section */
		8BFCE185255C74B400FF2798 /* Frameworks */ = {
			isa = PBXFrameworksBuildPhase;
			buildActionMask = 2147483647;
			files = (
			);
			runOnlyForDeploymentPostprocessing = 0;
		};
		8BFCE199255C74B500FF2798 /* Frameworks */ = {
			isa = PBXFrameworksBuildPhase;
			buildActionMask = 2147483647;
			files = (
			);
			runOnlyForDeploymentPostprocessing = 0;
		};
		8BFCE1A4255C74B500FF2798 /* Frameworks */ = {
			isa = PBXFrameworksBuildPhase;
			buildActionMask = 2147483647;
			files = (
			);
			runOnlyForDeploymentPostprocessing = 0;
		};
/* End PBXFrameworksBuildPhase section */

/* Begin PBXGroup section */
		8BFCE17F255C74B400FF2798 = {
			isa = PBXGroup;
			children = (
				8BFCE18A255C74B400FF2798 /* Proyecto LSP */,
				8BFCE19F255C74B500FF2798 /* Proyecto LSPTests */,
				8BFCE1AA255C74B500FF2798 /* Proyecto LSPUITests */,
				8BFCE189255C74B400FF2798 /* Products */,
			);
			sourceTree = "<group>";
		};
		8BFCE189255C74B400FF2798 /* Products */ = {
			isa = PBXGroup;
			children = (
				8BFCE188255C74B400FF2798 /* Proyecto LSP.app */,
				8BFCE19C255C74B500FF2798 /* Proyecto LSPTests.xctest */,
				8BFCE1A7255C74B500FF2798 /* Proyecto LSPUITests.xctest */,
			);
			name = Products;
			sourceTree = "<group>";
		};
		8BFCE18A255C74B400FF2798 /* Proyecto LSP */ = {
			isa = PBXGroup;
			children = (
				159D54692577155800F8C193 /* CristalTableViewCell.swift */,
				159D54672577142400F8C193 /* CasoTableViewCell.swift */,
				8BFCE18B255C74B400FF2798 /* AppDelegate.swift */,
				8BFCE18D255C74B400FF2798 /* ViewController.swift */,
				8BFCE18F255C74B400FF2798 /* Main.storyboard */,
				155A874225770FAD00D16BA5 /* RegistroViewController.swift */,
				155A874025770D2700D16BA5 /* CristalesTableViewController.swift */,
				155A873E25770C7300D16BA5 /* CasosTableViewController.swift */,
				155A873C2577094B00D16BA5 /* InicioViewController.swift */,
				8BFCE192255C74B500FF2798 /* Assets.xcassets */,
				159D546F25A627DE00F8C193 /* NumberPickerView.swift */,
				159D546B2577192900F8C193 /* TipoCristalPickerView.swift */,
				8BFCE194255C74B500FF2798 /* LaunchScreen.storyboard */,
				8BFCE197255C74B500FF2798 /* Info.plist */,
				11E8ABC2256EDE5A007CCB52 /* AddGlassViewController.swift */,
			);
			path = "Proyecto LSP";
			sourceTree = "<group>";
		};
		8BFCE19F255C74B500FF2798 /* Proyecto LSPTests */ = {
			isa = PBXGroup;
			children = (
				8BFCE1A0255C74B500FF2798 /* Proyecto_LSPTests.swift */,
				8BFCE1A2255C74B500FF2798 /* Info.plist */,
			);
			path = "Proyecto LSPTests";
			sourceTree = "<group>";
		};
		8BFCE1AA255C74B500FF2798 /* Proyecto LSPUITests */ = {
			isa = PBXGroup;
			children = (
				8BFCE1AB255C74B500FF2798 /* Proyecto_LSPUITests.swift */,
				8BFCE1AD255C74B500FF2798 /* Info.plist */,
			);
			path = "Proyecto LSPUITests";
			sourceTree = "<group>";
		};
/* End PBXGroup section */

/* Begin PBXNativeTarget section */
		8BFCE187255C74B400FF2798 /* Proyecto LSP */ = {
			isa = PBXNativeTarget;
			buildConfigurationList = 8BFCE1B0255C74B500FF2798 /* Build configuration list for PBXNativeTarget "Proyecto LSP" */;
			buildPhases = (
				8BFCE184255C74B400FF2798 /* Sources */,
				8BFCE185255C74B400FF2798 /* Frameworks */,
				8BFCE186255C74B400FF2798 /* Resources */,
			);
			buildRules = (
			);
			dependencies = (
			);
			name = "Proyecto LSP";
			productName = "Proyecto LSP";
			productReference = 8BFCE188255C74B400FF2798 /* Proyecto LSP.app */;
			productType = "com.apple.product-type.application";
		};
		8BFCE19B255C74B500FF2798 /* Proyecto LSPTests */ = {
			isa = PBXNativeTarget;
			buildConfigurationList = 8BFCE1B3255C74B500FF2798 /* Build configuration list for PBXNativeTarget "Proyecto LSPTests" */;
			buildPhases = (
				8BFCE198255C74B500FF2798 /* Sources */,
				8BFCE199255C74B500FF2798 /* Frameworks */,
				8BFCE19A255C74B500FF2798 /* Resources */,
			);
			buildRules = (
			);
			dependencies = (
				8BFCE19E255C74B500FF2798 /* PBXTargetDependency */,
			);
			name = "Proyecto LSPTests";
			productName = "Proyecto LSPTests";
			productReference = 8BFCE19C255C74B500FF2798 /* Proyecto LSPTests.xctest */;
			productType = "com.apple.product-type.bundle.unit-test";
		};
		8BFCE1A6255C74B500FF2798 /* Proyecto LSPUITests */ = {
			isa = PBXNativeTarget;
			buildConfigurationList = 8BFCE1B6255C74B500FF2798 /* Build configuration list for PBXNativeTarget "Proyecto LSPUITests" */;
			buildPhases = (
				8BFCE1A3255C74B500FF2798 /* Sources */,
				8BFCE1A4255C74B500FF2798 /* Frameworks */,
				8BFCE1A5255C74B500FF2798 /* Resources */,
			);
			buildRules = (
			);
			dependencies = (
				8BFCE1A9255C74B500FF2798 /* PBXTargetDependency */,
			);
			name = "Proyecto LSPUITests";
			productName = "Proyecto LSPUITests";
			productReference = 8BFCE1A7255C74B500FF2798 /* Proyecto LSPUITests.xctest */;
			productType = "com.apple.product-type.bundle.ui-testing";
		};
/* End PBXNativeTarget section */

/* Begin PBXProject section */
		8BFCE180255C74B400FF2798 /* Project object */ = {
			isa = PBXProject;
			attributes = {
				LastSwiftUpdateCheck = 1010;
				LastUpgradeCheck = 1010;
				ORGANIZATIONNAME = "Cristian Alvarez hossein";
				TargetAttributes = {
					8BFCE187255C74B400FF2798 = {
						CreatedOnToolsVersion = 10.1;
					};
					8BFCE19B255C74B500FF2798 = {
						CreatedOnToolsVersion = 10.1;
						TestTargetID = 8BFCE187255C74B400FF2798;
					};
					8BFCE1A6255C74B500FF2798 = {
						CreatedOnToolsVersion = 10.1;
						TestTargetID = 8BFCE187255C74B400FF2798;
					};
				};
			};
			buildConfigurationList = 8BFCE183255C74B400FF2798 /* Build configuration list for PBXProject "Proyecto LSP" */;
			compatibilityVersion = "Xcode 9.3";
			developmentRegion = en;
			hasScannedForEncodings = 0;
			knownRegions = (
				en,
				Base,
			);
			mainGroup = 8BFCE17F255C74B400FF2798;
			productRefGroup = 8BFCE189255C74B400FF2798 /* Products */;
			projectDirPath = "";
			projectRoot = "";
			targets = (
				8BFCE187255C74B400FF2798 /* Proyecto LSP */,
				8BFCE19B255C74B500FF2798 /* Proyecto LSPTests */,
				8BFCE1A6255C74B500FF2798 /* Proyecto LSPUITests */,
			);
		};
/* End PBXProject section */

/* Begin PBXResourcesBuildPhase section */
		8BFCE186255C74B400FF2798 /* Resources */ = {
			isa = PBXResourcesBuildPhase;
			buildActionMask = 2147483647;
			files = (
				8BFCE196255C74B500FF2798 /* LaunchScreen.storyboard in Resources */,
				8BFCE193255C74B500FF2798 /* Assets.xcassets in Resources */,
				8BFCE191255C74B400FF2798 /* Main.storyboard in Resources */,
			);
			runOnlyForDeploymentPostprocessing = 0;
		};
		8BFCE19A255C74B500FF2798 /* Resources */ = {
			isa = PBXResourcesBuildPhase;
			buildActionMask = 2147483647;
			files = (
			);
			runOnlyForDeploymentPostprocessing = 0;
		};
		8BFCE1A5255C74B500FF2798 /* Resources */ = {
			isa = PBXResourcesBuildPhase;
			buildActionMask = 2147483647;
			files = (
			);
			runOnlyForDeploymentPostprocessing = 0;
		};
/* End PBXResourcesBuildPhase section */

/* Begin PBXSourcesBuildPhase section */
		8BFCE184255C74B400FF2798 /* Sources */ = {
			isa = PBXSourcesBuildPhase;
			buildActionMask = 2147483647;
			files = (
				11E8ABC3256EDE5A007CCB52 /* AddGlassViewController.swift in Sources */,
				155A873F25770C7300D16BA5 /* CasosTableViewController.swift in Sources */,
				155A874125770D2700D16BA5 /* CristalesTableViewController.swift in Sources */,
				159D547025A627DF00F8C193 /* NumberPickerView.swift in Sources */,
				159D54682577142400F8C193 /* CasoTableViewCell.swift in Sources */,
				8BFCE18E255C74B400FF2798 /* ViewController.swift in Sources */,
				155A874325770FAD00D16BA5 /* RegistroViewController.swift in Sources */,
				159D546A2577155800F8C193 /* CristalTableViewCell.swift in Sources */,
				159D546C2577192900F8C193 /* TipoCristalPickerView.swift in Sources */,
				8BFCE18C255C74B400FF2798 /* AppDelegate.swift in Sources */,
				155A873D2577094B00D16BA5 /* InicioViewController.swift in Sources */,
			);
			runOnlyForDeploymentPostprocessing = 0;
		};
		8BFCE198255C74B500FF2798 /* Sources */ = {
			isa = PBXSourcesBuildPhase;
			buildActionMask = 2147483647;
			files = (
				8BFCE1A1255C74B500FF2798 /* Proyecto_LSPTests.swift in Sources */,
			);
			runOnlyForDeploymentPostprocessing = 0;
		};
		8BFCE1A3255C74B500FF2798 /* Sources */ = {
			isa = PBXSourcesBuildPhase;
			buildActionMask = 2147483647;
			files = (
				8BFCE1AC255C74B500FF2798 /* Proyecto_LSPUITests.swift in Sources */,
			);
			runOnlyForDeploymentPostprocessing = 0;
		};
/* End PBXSourcesBuildPhase section */

/* Begin PBXTargetDependency section */
		8BFCE19E255C74B500FF2798 /* PBXTargetDependency */ = {
			isa = PBXTargetDependency;
			target = 8BFCE187255C74B400FF2798 /* Proyecto LSP */;
			targetProxy = 8BFCE19D255C74B500FF2798 /* PBXContainerItemProxy */;
		};
		8BFCE1A9255C74B500FF2798 /* PBXTargetDependency */ = {
			isa = PBXTargetDependency;
			target = 8BFCE187255C74B400FF2798 /* Proyecto LSP */;
			targetProxy = 8BFCE1A8255C74B500FF2798 /* PBXContainerItemProxy */;
		};
/* End PBXTargetDependency section */

/* Begin PBXVariantGroup section */
		8BFCE18F255C74B400FF2798 /* Main.storyboard */ = {
			isa = PBXVariantGroup;
			children = (
				8BFCE190255C74B400FF2798 /* Base */,
			);
			name = Main.storyboard;
			sourceTree = "<group>";
		};
		8BFCE194255C74B500FF2798 /* LaunchScreen.storyboard */ = {
			isa = PBXVariantGroup;
			children = (
				8BFCE195255C74B500FF2798 /* Base */,
			);
			name = LaunchScreen.storyboard;
			sourceTree = "<group>";
		};
/* End PBXVariantGroup section */

/* Begin XCBuildConfiguration section */
		8BFCE1AE255C74B500FF2798 /* Debug */ = {
			isa = XCBuildConfiguration;
			buildSettings = {
				ALWAYS_SEARCH_USER_PATHS = NO;
				CLANG_ANALYZER_NONNULL = YES;
				CLANG_ANALYZER_NUMBER_OBJECT_CONVERSION = YES_AGGRESSIVE;
				CLANG_CXX_LANGUAGE_STANDARD = "gnu++14";
				CLANG_CXX_LIBRARY = "libc++";
				CLANG_ENABLE_MODULES = YES;
				CLANG_ENABLE_OBJC_ARC = YES;
				CLANG_ENABLE_OBJC_WEAK = YES;
				CLANG_WARN_BLOCK_CAPTURE_AUTORELEASING = YES;
				CLANG_WARN_BOOL_CONVERSION = YES;
				CLANG_WARN_COMMA = YES;
				CLANG_WARN_CONSTANT_CONVERSION = YES;
				CLANG_WARN_DEPRECATED_OBJC_IMPLEMENTATIONS = YES;
				CLANG_WARN_DIRECT_OBJC_ISA_USAGE = YES_ERROR;
				CLANG_WARN_DOCUMENTATION_COMMENTS = YES;
				CLANG_WARN_EMPTY_BODY = YES;
				CLANG_WARN_ENUM_CONVERSION = YES;
				CLANG_WARN_INFINITE_RECURSION = YES;
				CLANG_WARN_INT_CONVERSION = YES;
				CLANG_WARN_NON_LITERAL_NULL_CONVERSION = YES;
				CLANG_WARN_OBJC_IMPLICIT_RETAIN_SELF = YES;
				CLANG_WARN_OBJC_LITERAL_CONVERSION = YES;
				CLANG_WARN_OBJC_ROOT_CLASS = YES_ERROR;
				CLANG_WARN_RANGE_LOOP_ANALYSIS = YES;
				CLANG_WARN_STRICT_PROTOTYPES = YES;
				CLANG_WARN_SUSPICIOUS_MOVE = YES;
				CLANG_WARN_UNGUARDED_AVAILABILITY = YES_AGGRESSIVE;
				CLANG_WARN_UNREACHABLE_CODE = YES;
				CLANG_WARN__DUPLICATE_METHOD_MATCH = YES;
				CODE_SIGN_IDENTITY = "iPhone Developer";
				COPY_PHASE_STRIP = NO;
				DEBUG_INFORMATION_FORMAT = dwarf;
				ENABLE_STRICT_OBJC_MSGSEND = YES;
				ENABLE_TESTABILITY = YES;
				GCC_C_LANGUAGE_STANDARD = gnu11;
				GCC_DYNAMIC_NO_PIC = NO;
				GCC_NO_COMMON_BLOCKS = YES;
				GCC_OPTIMIZATION_LEVEL = 0;
				GCC_PREPROCESSOR_DEFINITIONS = (
					"DEBUG=1",
					"$(inherited)",
				);
				GCC_WARN_64_TO_32_BIT_CONVERSION = YES;
				GCC_WARN_ABOUT_RETURN_TYPE = YES_ERROR;
				GCC_WARN_UNDECLARED_SELECTOR = YES;
				GCC_WARN_UNINITIALIZED_AUTOS = YES_AGGRESSIVE;
				GCC_WARN_UNUSED_FUNCTION = YES;
				GCC_WARN_UNUSED_VARIABLE = YES;
				IPHONEOS_DEPLOYMENT_TARGET = 12.1;
				MTL_ENABLE_DEBUG_INFO = INCLUDE_SOURCE;
				MTL_FAST_MATH = YES;
				ONLY_ACTIVE_ARCH = YES;
				SDKROOT = iphoneos;
				SWIFT_ACTIVE_COMPILATION_CONDITIONS = DEBUG;
				SWIFT_OPTIMIZATION_LEVEL = "-Onone";
			};
			name = Debug;
		};
		8BFCE1AF255C74B500FF2798 /* Release */ = {
			isa = XCBuildConfiguration;
			buildSettings = {
				ALWAYS_SEARCH_USER_PATHS = NO;
				CLANG_ANALYZER_NONNULL = YES;
				CLANG_ANALYZER_NUMBER_OBJECT_CONVERSION = YES_AGGRESSIVE;
				CLANG_CXX_LANGUAGE_STANDARD = "gnu++14";
				CLANG_CXX_LIBRARY = "libc++";
				CLANG_ENABLE_MODULES = YES;
				CLANG_ENABLE_OBJC_ARC = YES;
				CLANG_ENABLE_OBJC_WEAK = YES;
				CLANG_WARN_BLOCK_CAPTURE_AUTORELEASING = YES;
				CLANG_WARN_BOOL_CONVERSION = YES;
				CLANG_WARN_COMMA = YES;
				CLANG_WARN_CONSTANT_CONVERSION = YES;
				CLANG_WARN_DEPRECATED_OBJC_IMPLEMENTATIONS = YES;
				CLANG_WARN_DIRECT_OBJC_ISA_USAGE = YES_ERROR;
				CLANG_WARN_DOCUMENTATION_COMMENTS = YES;
				CLANG_WARN_EMPTY_BODY = YES;
				CLANG_WARN_ENUM_CONVERSION = YES;
				CLANG_WARN_INFINITE_RECURSION = YES;
				CLANG_WARN_INT_CONVERSION = YES;
				CLANG_WARN_NON_LITERAL_NULL_CONVERSION = YES;
				CLANG_WARN_OBJC_IMPLICIT_RETAIN_SELF = YES;
				CLANG_WARN_OBJC_LITERAL_CONVERSION = YES;
				CLANG_WARN_OBJC_ROOT_CLASS = YES_ERROR;
				CLANG_WARN_RANGE_LOOP_ANALYSIS = YES;
				CLANG_WARN_STRICT_PROTOTYPES = YES;
				CLANG_WARN_SUSPICIOUS_MOVE = YES;
				CLANG_WARN_UNGUARDED_AVAILABILITY = YES_AGGRESSIVE;
				CLANG_WARN_UNREACHABLE_CODE = YES;
				CLANG_WARN__DUPLICATE_METHOD_MATCH = YES;
				CODE_SIGN_IDENTITY = "iPhone Developer";
				COPY_PHASE_STRIP = NO;
				DEBUG_INFORMATION_FORMAT = "dwarf-with-dsym";
				ENABLE_NS_ASSERTIONS = NO;
				ENABLE_STRICT_OBJC_MSGSEND = YES;
				GCC_C_LANGUAGE_STANDARD = gnu11;
				GCC_NO_COMMON_BLOCKS = YES;
				GCC_WARN_64_TO_32_BIT_CONVERSION = YES;
				GCC_WARN_ABOUT_RETURN_TYPE = YES_ERROR;
				GCC_WARN_UNDECLARED_SELECTOR = YES;
				GCC_WARN_UNINITIALIZED_AUTOS = YES_AGGRESSIVE;
				GCC_WARN_UNUSED_FUNCTION = YES;
				GCC_WARN_UNUSED_VARIABLE = YES;
				IPHONEOS_DEPLOYMENT_TARGET = 12.1;
				MTL_ENABLE_DEBUG_INFO = NO;
				MTL_FAST_MATH = YES;
				SDKROOT = iphoneos;
				SWIFT_COMPILATION_MODE = wholemodule;
				SWIFT_OPTIMIZATION_LEVEL = "-O";
				VALIDATE_PRODUCT = YES;
			};
			name = Release;
		};
		8BFCE1B1255C74B500FF2798 /* Debug */ = {
			isa = XCBuildConfiguration;
			buildSettings = {
				ASSETCATALOG_COMPILER_APPICON_NAME = AppIcon;
				CODE_SIGN_STYLE = Automatic;
				INFOPLIST_FILE = "Proyecto LSP/Info.plist";
				LD_RUNPATH_SEARCH_PATHS = (
					"$(inherited)",
					"@executable_path/Frameworks",
				);
				PRODUCT_BUNDLE_IDENTIFIER = "org.ual.lps.Proyecto-LSP";
				PRODUCT_NAME = "$(TARGET_NAME)";
				SWIFT_VERSION = 4.2;
				TARGETED_DEVICE_FAMILY = "1,2";
			};
			name = Debug;
		};
		8BFCE1B2255C74B500FF2798 /* Release */ = {
			isa = XCBuildConfiguration;
			buildSettings = {
				ASSETCATALOG_COMPILER_APPICON_NAME = AppIcon;
				CODE_SIGN_STYLE = Automatic;
				INFOPLIST_FILE = "Proyecto LSP/Info.plist";
				LD_RUNPATH_SEARCH_PATHS = (
					"$(inherited)",
					"@executable_path/Frameworks",
				);
				PRODUCT_BUNDLE_IDENTIFIER = "org.ual.lps.Proyecto-LSP";
				PRODUCT_NAME = "$(TARGET_NAME)";
				SWIFT_VERSION = 4.2;
				TARGETED_DEVICE_FAMILY = "1,2";
			};
			name = Release;
		};
		8BFCE1B4255C74B500FF2798 /* Debug */ = {
			isa = XCBuildConfiguration;
			buildSettings = {
				ALWAYS_EMBED_SWIFT_STANDARD_LIBRARIES = YES;
				BUNDLE_LOADER = "$(TEST_HOST)";
				CODE_SIGN_STYLE = Automatic;
				INFOPLIST_FILE = "Proyecto LSPTests/Info.plist";
				LD_RUNPATH_SEARCH_PATHS = (
					"$(inherited)",
					"@executable_path/Frameworks",
					"@loader_path/Frameworks",
				);
				PRODUCT_BUNDLE_IDENTIFIER = "org.ual.lps.Proyecto-LSPTests";
				PRODUCT_NAME = "$(TARGET_NAME)";
				SWIFT_VERSION = 4.2;
				TARGETED_DEVICE_FAMILY = "1,2";
				TEST_HOST = "$(BUILT_PRODUCTS_DIR)/Proyecto LSP.app/Proyecto LSP";
			};
			name = Debug;
		};
		8BFCE1B5255C74B500FF2798 /* Release */ = {
			isa = XCBuildConfiguration;
			buildSettings = {
				ALWAYS_EMBED_SWIFT_STANDARD_LIBRARIES = YES;
				BUNDLE_LOADER = "$(TEST_HOST)";
				CODE_SIGN_STYLE = Automatic;
				INFOPLIST_FILE = "Proyecto LSPTests/Info.plist";
				LD_RUNPATH_SEARCH_PATHS = (
					"$(inherited)",
					"@executable_path/Frameworks",
					"@loader_path/Frameworks",
				);
				PRODUCT_BUNDLE_IDENTIFIER = "org.ual.lps.Proyecto-LSPTests";
				PRODUCT_NAME = "$(TARGET_NAME)";
				SWIFT_VERSION = 4.2;
				TARGETED_DEVICE_FAMILY = "1,2";
				TEST_HOST = "$(BUILT_PRODUCTS_DIR)/Proyecto LSP.app/Proyecto LSP";
			};
			name = Release;
		};
		8BFCE1B7255C74B500FF2798 /* Debug */ = {
			isa = XCBuildConfiguration;
			buildSettings = {
				ALWAYS_EMBED_SWIFT_STANDARD_LIBRARIES = YES;
				CODE_SIGN_STYLE = Automatic;
				INFOPLIST_FILE = "Proyecto LSPUITests/Info.plist";
				LD_RUNPATH_SEARCH_PATHS = (
					"$(inherited)",
					"@executable_path/Frameworks",
					"@loader_path/Frameworks",
				);
				PRODUCT_BUNDLE_IDENTIFIER = "org.ual.lps.Proyecto-LSPUITests";
				PRODUCT_NAME = "$(TARGET_NAME)";
				SWIFT_VERSION = 4.2;
				TARGETED_DEVICE_FAMILY = "1,2";
				TEST_TARGET_NAME = "Proyecto LSP";
			};
			name = Debug;
		};
		8BFCE1B8255C74B500FF2798 /* Release */ = {
			isa = XCBuildConfiguration;
			buildSettings = {
				ALWAYS_EMBED_SWIFT_STANDARD_LIBRARIES = YES;
				CODE_SIGN_STYLE = Automatic;
				INFOPLIST_FILE = "Proyecto LSPUITests/Info.plist";
				LD_RUNPATH_SEARCH_PATHS = (
					"$(inherited)",
					"@executable_path/Frameworks",
					"@loader_path/Frameworks",
				);
				PRODUCT_BUNDLE_IDENTIFIER = "org.ual.lps.Proyecto-LSPUITests";
				PRODUCT_NAME = "$(TARGET_NAME)";
				SWIFT_VERSION = 4.2;
				TARGETED_DEVICE_FAMILY = "1,2";
				TEST_TARGET_NAME = "Proyecto LSP";
			};
			name = Release;
		};
/* End XCBuildConfiguration section */

/* Begin XCConfigurationList section */
		8BFCE183255C74B400FF2798 /* Build configuration list for PBXProject "Proyecto LSP" */ = {
			isa = XCConfigurationList;
			buildConfigurations = (
				8BFCE1AE255C74B500FF2798 /* Debug */,
				8BFCE1AF255C74B500FF2798 /* Release */,
			);
			defaultConfigurationIsVisible = 0;
			defaultConfigurationName = Release;
		};
		8BFCE1B0255C74B500FF2798 /* Build configuration list for PBXNativeTarget "Proyecto LSP" */ = {
			isa = XCConfigurationList;
			buildConfigurations = (
				8BFCE1B1255C74B500FF2798 /* Debug */,
				8BFCE1B2255C74B500FF2798 /* Release */,
			);
			defaultConfigurationIsVisible = 0;
			defaultConfigurationName = Release;
		};
		8BFCE1B3255C74B500FF2798 /* Build configuration list for PBXNativeTarget "Proyecto LSPTests" */ = {
			isa = XCConfigurationList;
			buildConfigurations = (
				8BFCE1B4255C74B500FF2798 /* Debug */,
				8BFCE1B5255C74B500FF2798 /* Release */,
			);
			defaultConfigurationIsVisible = 0;
			defaultConfigurationName = Release;
		};
		8BFCE1B6255C74B500FF2798 /* Build configuration list for PBXNativeTarget "Proyecto LSPUITests" */ = {
			isa = XCConfigurationList;
			buildConfigurations = (
				8BFCE1B7255C74B500FF2798 /* Debug */,
				8BFCE1B8255C74B500FF2798 /* Release */,
			);
			defaultConfigurationIsVisible = 0;
			defaultConfigurationName = Release;
		};
/* End XCConfigurationList section */
	};
	rootObject = 8BFCE180255C74B400FF2798 /* Project object */;
}
